
Microsoft Visual Studio Solution File, Format Version 12.00
# Visual Studio 15
VisualStudioVersion = 15.0.28307.572
MinimumVisualStudioVersion = 10.0.40219.1
Project("{9A19103F-16F7-4668-BE54-9A1E7A4F7556}") = "StockyardReportParsing", "StockyardReportParsing\StockyardReportParsing.csproj", "{BC2D9D1F-596D-4450-9AB6-FE07CC1EE0B8}"
EndProject
Global
	GlobalSection(SolutionConfigurationPlatforms) = preSolution
		Debug|Any CPU = Debug|Any CPU
		Release|Any CPU = Release|Any CPU
	EndGlobalSection
	GlobalSection(ProjectConfigurationPlatforms) = postSolution
		{BC2D9D1F-596D-4450-9AB6-FE07CC1EE0B8}.Debug|Any CPU.ActiveCfg = Debug|Any CPU
		{BC2D9D1F-596D-4450-9AB6-FE07CC1EE0B8}.Debug|Any CPU.Build.0 = Debug|Any CPU
		{BC2D9D1F-596D-4450-9AB6-FE07CC1EE0B8}.Release|Any CPU.ActiveCfg = Release|Any CPU
		{BC2D9D1F-596D-4450-9AB6-FE07CC1EE0B8}.Release|Any CPU.Build.0 = Release|Any CPU
	EndGlobalSection
	GlobalSection(SolutionProperties) = preSolution
		HideSolutionNode = FALSE
	EndGlobalSection
	GlobalSection(ExtensibilityGlobals) = postSolution
		SolutionGuid = {FE500021-DF53-4D93-AC2F-B20EE3BEBD44}
	EndGlobalSection
EndGlobal
